schema: '2.0'
stages:
  data_ingestion:
    cmd: python src/data_ingestion.py
    deps:
    - path: src/data_ingestion.py
      hash: md5
      md5: 04d7a8526c90687d2ae1f26a1a92e428
      size: 3640
    params:
      params.yaml:
        data_ingestion.test_size: 0.3
    outs:
    - path: data/raw
      hash: md5
      md5: d26befd2dda9438254177d9000d9ba1f.dir
      size: 484846
      nfiles: 2
  data_preprocessing:
    cmd: python src/data_preprocessing.py
    deps:
    - path: data/raw
      hash: md5
      md5: d26befd2dda9438254177d9000d9ba1f.dir
      size: 484846
      nfiles: 2
    - path: src/data_preprocessing.py
      hash: md5
      md5: a32035f4ea42cc8d07b15a620086ace1
      size: 3933
    outs:
    - path: data/interim
      hash: md5
      md5: 61ca13b2e20854a1f7bacbbcfeca409e.dir
      size: 262513
      nfiles: 2
  feature_engineering:
    cmd: python src/feature_engineering.py
    deps:
    - path: data/interim
      hash: md5
      md5: 61ca13b2e20854a1f7bacbbcfeca409e.dir
      size: 262513
      nfiles: 2
    - path: src/feature_engineering.py
      hash: md5
      md5: 4fd6cdae0a4206ed563c6370954f2e38
      size: 3924
    params:
      params.yaml:
        feature_engineering.max_features: 40
    outs:
    - path: data/processed
      hash: md5
      md5: fe927cbe4eeda8dc5a4cddfa721af1e6.dir
      size: 957276
      nfiles: 2
  model_training:
    cmd: python src/model_training.py
    deps:
    - path: data/processed
      hash: md5
      md5: fe927cbe4eeda8dc5a4cddfa721af1e6.dir
      size: 957276
      nfiles: 2
    - path: src/model_training.py
      hash: md5
      md5: e58226f1d552fcf8ca2b8d1b046f7d8c
      size: 3989
    params:
      params.yaml:
        model_training.n_estimators: 25
        model_training.random_state: 4
    outs:
    - path: models/random_forest_model.pkl
      hash: md5
      md5: 95f8c05b57af163227e05ce9aebd4b1a
      size: 793636
  model_evaluation:
    cmd: python src/model_evaluation.py
    deps:
    - path: models/random_forest_model.pkl
      hash: md5
      md5: 95f8c05b57af163227e05ce9aebd4b1a
      size: 793636
    outs:
    - path: reports/metrics.json
      hash: md5
      md5: d01b6268aadf60e2ef0ae4c0f60a2fcd
      size: 145
