schema: '2.0'
stages:
  data_ingestion:
    cmd: python src/data_ingestion.py
    deps:
    - path: src/data_ingestion.py
      hash: md5
      md5: 04d7a8526c90687d2ae1f26a1a92e428
      size: 3640
    params:
      params.yaml:
        data_ingestion.test_size: 0.25
    outs:
    - path: data/raw
      hash: md5
      md5: 04dd235295cb72c313e376c794dbd399.dir
      size: 484846
      nfiles: 2
  data_preprocessing:
    cmd: python src/data_preprocessing.py
    deps:
    - path: data/raw
      hash: md5
      md5: 04dd235295cb72c313e376c794dbd399.dir
      size: 484846
      nfiles: 2
    - path: src/data_preprocessing.py
      hash: md5
      md5: a32035f4ea42cc8d07b15a620086ace1
      size: 3933
    outs:
    - path: data/interim
      hash: md5
      md5: a93065f5a2727e5e7dd327b4604144d5.dir
      size: 261440
      nfiles: 2
  feature_engineering:
    cmd: python src/feature_engineering.py
    deps:
    - path: data/interim
      hash: md5
      md5: a93065f5a2727e5e7dd327b4604144d5.dir
      size: 261440
      nfiles: 2
    - path: src/feature_engineering.py
      hash: md5
      md5: 4fd6cdae0a4206ed563c6370954f2e38
      size: 3924
    params:
      params.yaml:
        feature_engineering.max_features: 50
    outs:
    - path: data/processed
      hash: md5
      md5: 5d9011b3f4fce66f1dd9e46330e11127.dir
      size: 1183779
      nfiles: 2
  model_training:
    cmd: python src/model_training.py
    deps:
    - path: data/processed
      hash: md5
      md5: 5d9011b3f4fce66f1dd9e46330e11127.dir
      size: 1183779
      nfiles: 2
    - path: src/model_training.py
      hash: md5
      md5: e58226f1d552fcf8ca2b8d1b046f7d8c
      size: 3989
    params:
      params.yaml:
        model_training.n_estimators: 25
        model_training.random_state: 4
    outs:
    - path: models/random_forest_model.pkl
      hash: md5
      md5: 265d89b90dabfe1ef556d7816eabe103
      size: 948054
  model_evaluation:
    cmd: python src/model_evaluation.py
    deps:
    - path: models/random_forest_model.pkl
      hash: md5
      md5: 265d89b90dabfe1ef556d7816eabe103
      size: 948054
    outs:
    - path: reports/metrics.json
      hash: md5
      md5: ec7625fd2065a5446187f1afd946fb46
      size: 145
